
Microsoft Visual Studio Solution File, Format Version 12.00
# Visual Studio Version 17
VisualStudioVersion = 17.4.33103.184
MinimumVisualStudioVersion = 10.0.40219.1
Project("{9A19103F-16F7-4668-BE54-9A1E7A4F7556}") = "Laboratory work №8", "Laboratory work №8\Laboratory work №8.csproj", "{8578CB56-A3B5-407B-A30F-49B5AD863C3B}"
EndProject
Global
	GlobalSection(SolutionConfigurationPlatforms) = preSolution
		Debug|Any CPU = Debug|Any CPU
		Release|Any CPU = Release|Any CPU
	EndGlobalSection
	GlobalSection(ProjectConfigurationPlatforms) = postSolution
		{8578CB56-A3B5-407B-A30F-49B5AD863C3B}.Debug|Any CPU.ActiveCfg = Debug|Any CPU
		{8578CB56-A3B5-407B-A30F-49B5AD863C3B}.Debug|Any CPU.Build.0 = Debug|Any CPU
		{8578CB56-A3B5-407B-A30F-49B5AD863C3B}.Release|Any CPU.ActiveCfg = Release|Any CPU
		{8578CB56-A3B5-407B-A30F-49B5AD863C3B}.Release|Any CPU.Build.0 = Release|Any CPU
	EndGlobalSection
	GlobalSection(SolutionProperties) = preSolution
		HideSolutionNode = FALSE
	EndGlobalSection
	GlobalSection(ExtensibilityGlobals) = postSolution
		SolutionGuid = {B75A8807-C820-40CD-BB01-DF84B8307166}
	EndGlobalSection
EndGlobal
